
Microsoft Visual Studio Solution File, Format Version 12.00
# Visual Studio 14
VisualStudioVersion = 14.0.22823.1
MinimumVisualStudioVersion = 10.0.40219.1
Project("{888888A0-9F3D-457C-B088-3A5042F75D52}") = "SaarCore", "SaarCore\SaarCore.pyproj", "{898474ED-8305-4B79-A728-A23D4C1212E8}"
EndProject
Project("{888888A0-9F3D-457C-B088-3A5042F75D52}") = "SaarFlask", "SaarFlask\SaarFlask.pyproj", "{54D76DAA-FB82-4446-90EF-BE95AE7A153A}"
EndProject
Global
	GlobalSection(SolutionConfigurationPlatforms) = preSolution
		Debug|Any CPU = Debug|Any CPU
		Release|Any CPU = Release|Any CPU
	EndGlobalSection
	GlobalSection(ProjectConfigurationPlatforms) = postSolution
		{898474ED-8305-4B79-A728-A23D4C1212E8}.Debug|Any CPU.ActiveCfg = Debug|Any CPU
		{898474ED-8305-4B79-A728-A23D4C1212E8}.Release|Any CPU.ActiveCfg = Release|Any CPU
		{54D76DAA-FB82-4446-90EF-BE95AE7A153A}.Debug|Any CPU.ActiveCfg = Debug|Any CPU
		{54D76DAA-FB82-4446-90EF-BE95AE7A153A}.Debug|Any CPU.Build.0 = Debug|Any CPU
		{54D76DAA-FB82-4446-90EF-BE95AE7A153A}.Release|Any CPU.ActiveCfg = Release|Any CPU
		{54D76DAA-FB82-4446-90EF-BE95AE7A153A}.Release|Any CPU.Build.0 = Release|Any CPU
	EndGlobalSection
	GlobalSection(SolutionProperties) = preSolution
		HideSolutionNode = FALSE
	EndGlobalSection
EndGlobal
